
Microsoft Visual Studio Solution File, Format Version 12.00
# Visual Studio Version 17
VisualStudioVersion = 17.6.33829.357
MinimumVisualStudioVersion = 10.0.40219.1
Project("{FAE04EC0-301F-11D3-BF4B-00C04F79EFBC}") = "SinalingServer", "Services\SinalingServer\SinalingServer.csproj", "{C5628C2D-9698-4173-96B3-B26FE3B099A6}"
EndProject
Global
	GlobalSection(SolutionConfigurationPlatforms) = preSolution
		Debug|Any CPU = Debug|Any CPU
		Release|Any CPU = Release|Any CPU
	EndGlobalSection
	GlobalSection(ProjectConfigurationPlatforms) = postSolution
		{C5628C2D-9698-4173-96B3-B26FE3B099A6}.Debug|Any CPU.ActiveCfg = Debug|Any CPU
		{C5628C2D-9698-4173-96B3-B26FE3B099A6}.Debug|Any CPU.Build.0 = Debug|Any CPU
		{C5628C2D-9698-4173-96B3-B26FE3B099A6}.Release|Any CPU.ActiveCfg = Release|Any CPU
		{C5628C2D-9698-4173-96B3-B26FE3B099A6}.Release|Any CPU.Build.0 = Release|Any CPU
	EndGlobalSection
	GlobalSection(SolutionProperties) = preSolution
		HideSolutionNode = FALSE
	EndGlobalSection
	GlobalSection(ExtensibilityGlobals) = postSolution
		SolutionGuid = {824B6A98-81A2-4C69-9153-13B30180FFF6}
	EndGlobalSection
EndGlobal
